// !$*UTF8*$!
{
	archiveVersion = 1;
	classes = {
	};
	objectVersion = 51;
	objects = {

/* Begin PBXBuildFile section */
		2FAF9B0023FE9CB90071050B /* CalculateViewModel.swift in Sources */ = {isa = PBXBuildFile; fileRef = 2FAF9AFF23FE9CB90071050B /* CalculateViewModel.swift */; };
		2FD2156523FC0C8900BC2A2D /* TDDCalculate.framework in Frameworks */ = {isa = PBXBuildFile; fileRef = 2FD2156423FC0C8900BC2A2D /* TDDCalculate.framework */; };
		2FD2156623FC0C8900BC2A2D /* TDDCalculate.framework in Embed Frameworks */ = {isa = PBXBuildFile; fileRef = 2FD2156423FC0C8900BC2A2D /* TDDCalculate.framework */; settings = {ATTRIBUTES = (CodeSignOnCopy, RemoveHeadersOnCopy, ); }; };
		2FD2156923FC0D6500BC2A2D /* SignOperator+.swift in Sources */ = {isa = PBXBuildFile; fileRef = 2FD2156823FC0D6500BC2A2D /* SignOperator+.swift */; };
		2FD75A0A23FB450E00F4AB38 /* AppDelegate.swift in Sources */ = {isa = PBXBuildFile; fileRef = 2FD75A0923FB450E00F4AB38 /* AppDelegate.swift */; };
		2FD75A0C23FB450E00F4AB38 /* SceneDelegate.swift in Sources */ = {isa = PBXBuildFile; fileRef = 2FD75A0B23FB450E00F4AB38 /* SceneDelegate.swift */; };
		2FD75A0E23FB450E00F4AB38 /* CalculateViewController.swift in Sources */ = {isa = PBXBuildFile; fileRef = 2FD75A0D23FB450E00F4AB38 /* CalculateViewController.swift */; };
		2FD75A1123FB450E00F4AB38 /* Main.storyboard in Resources */ = {isa = PBXBuildFile; fileRef = 2FD75A0F23FB450E00F4AB38 /* Main.storyboard */; };
		2FD75A1323FB450F00F4AB38 /* Assets.xcassets in Resources */ = {isa = PBXBuildFile; fileRef = 2FD75A1223FB450F00F4AB38 /* Assets.xcassets */; };
		2FD75A1623FB450F00F4AB38 /* LaunchScreen.storyboard in Resources */ = {isa = PBXBuildFile; fileRef = 2FD75A1423FB450F00F4AB38 /* LaunchScreen.storyboard */; };
		2FD75A2123FB450F00F4AB38 /* TDDCalculatorTests.swift in Sources */ = {isa = PBXBuildFile; fileRef = 2FD75A2023FB450F00F4AB38 /* TDDCalculatorTests.swift */; };
		9F2C521D3C12D5E032FB6631 /* Pods_TDDCalculatorTests.framework in Frameworks */ = {isa = PBXBuildFile; fileRef = E8C5370F6F16CA48365AE646 /* Pods_TDDCalculatorTests.framework */; };
		DA6F126BBE73533CC64E623A /* Pods_TDDCalculator.framework in Frameworks */ = {isa = PBXBuildFile; fileRef = 69429A2D630C745EFD7D4C33 /* Pods_TDDCalculator.framework */; };
/* End PBXBuildFile section */

/* Begin PBXContainerItemProxy section */
		2FD75A1D23FB450F00F4AB38 /* PBXContainerItemProxy */ = {
			isa = PBXContainerItemProxy;
			containerPortal = 2FD759FE23FB450E00F4AB38 /* Project object */;
			proxyType = 1;
			remoteGlobalIDString = 2FD75A0523FB450E00F4AB38;
			remoteInfo = TDDCalculator;
		};
/* End PBXContainerItemProxy section */

/* Begin PBXCopyFilesBuildPhase section */
		2FD2156723FC0C8900BC2A2D /* Embed Frameworks */ = {
			isa = PBXCopyFilesBuildPhase;
			buildActionMask = 2147483647;
			dstPath = "";
			dstSubfolderSpec = 10;
			files = (
				2FD2156623FC0C8900BC2A2D /* TDDCalculate.framework in Embed Frameworks */,
			);
			name = "Embed Frameworks";
			runOnlyForDeploymentPostprocessing = 0;
		};
/* End PBXCopyFilesBuildPhase section */

/* Begin PBXFileReference section */
		2FAF9AFF23FE9CB90071050B /* CalculateViewModel.swift */ = {isa = PBXFileReference; lastKnownFileType = sourcecode.swift; path = CalculateViewModel.swift; sourceTree = "<group>"; };
		2FD2156423FC0C8900BC2A2D /* TDDCalculate.framework */ = {isa = PBXFileReference; explicitFileType = wrapper.framework; path = TDDCalculate.framework; sourceTree = BUILT_PRODUCTS_DIR; };
		2FD2156823FC0D6500BC2A2D /* SignOperator+.swift */ = {isa = PBXFileReference; lastKnownFileType = sourcecode.swift; path = "SignOperator+.swift"; sourceTree = "<group>"; };
		2FD75A0623FB450E00F4AB38 /* TDDCalculator.app */ = {isa = PBXFileReference; explicitFileType = wrapper.application; includeInIndex = 0; path = TDDCalculator.app; sourceTree = BUILT_PRODUCTS_DIR; };
		2FD75A0923FB450E00F4AB38 /* AppDelegate.swift */ = {isa = PBXFileReference; lastKnownFileType = sourcecode.swift; path = AppDelegate.swift; sourceTree = "<group>"; };
		2FD75A0B23FB450E00F4AB38 /* SceneDelegate.swift */ = {isa = PBXFileReference; lastKnownFileType = sourcecode.swift; path = SceneDelegate.swift; sourceTree = "<group>"; };
		2FD75A0D23FB450E00F4AB38 /* CalculateViewController.swift */ = {isa = PBXFileReference; lastKnownFileType = sourcecode.swift; path = CalculateViewController.swift; sourceTree = "<group>"; };
		2FD75A1023FB450E00F4AB38 /* Base */ = {isa = PBXFileReference; lastKnownFileType = file.storyboard; name = Base; path = Base.lproj/Main.storyboard; sourceTree = "<group>"; };
		2FD75A1223FB450F00F4AB38 /* Assets.xcassets */ = {isa = PBXFileReference; lastKnownFileType = folder.assetcatalog; path = Assets.xcassets; sourceTree = "<group>"; };
		2FD75A1523FB450F00F4AB38 /* Base */ = {isa = PBXFileReference; lastKnownFileType = file.storyboard; name = Base; path = Base.lproj/LaunchScreen.storyboard; sourceTree = "<group>"; };
		2FD75A1723FB450F00F4AB38 /* Info.plist */ = {isa = PBXFileReference; lastKnownFileType = text.plist.xml; path = Info.plist; sourceTree = "<group>"; };
		2FD75A1C23FB450F00F4AB38 /* TDDCalculatorTests.xctest */ = {isa = PBXFileReference; explicitFileType = wrapper.cfbundle; includeInIndex = 0; path = TDDCalculatorTests.xctest; sourceTree = BUILT_PRODUCTS_DIR; };
		2FD75A2023FB450F00F4AB38 /* TDDCalculatorTests.swift */ = {isa = PBXFileReference; lastKnownFileType = sourcecode.swift; path = TDDCalculatorTests.swift; sourceTree = "<group>"; };
		2FD75A2223FB450F00F4AB38 /* Info.plist */ = {isa = PBXFileReference; lastKnownFileType = text.plist.xml; path = Info.plist; sourceTree = "<group>"; };
		65D51DA2CC1D8632A6B7B43F /* Pods-TDDCalculator.release.xcconfig */ = {isa = PBXFileReference; includeInIndex = 1; lastKnownFileType = text.xcconfig; name = "Pods-TDDCalculator.release.xcconfig"; path = "Target Support Files/Pods-TDDCalculator/Pods-TDDCalculator.release.xcconfig"; sourceTree = "<group>"; };
		69429A2D630C745EFD7D4C33 /* Pods_TDDCalculator.framework */ = {isa = PBXFileReference; explicitFileType = wrapper.framework; includeInIndex = 0; path = Pods_TDDCalculator.framework; sourceTree = BUILT_PRODUCTS_DIR; };
		9A832365661183F4BE3A12A6 /* Pods-TDDCalculator.debug.xcconfig */ = {isa = PBXFileReference; includeInIndex = 1; lastKnownFileType = text.xcconfig; name = "Pods-TDDCalculator.debug.xcconfig"; path = "Target Support Files/Pods-TDDCalculator/Pods-TDDCalculator.debug.xcconfig"; sourceTree = "<group>"; };
		BCB6FDE8586BF9D46B81105F /* Pods-TDDCalculatorTests.release.xcconfig */ = {isa = PBXFileReference; includeInIndex = 1; lastKnownFileType = text.xcconfig; name = "Pods-TDDCalculatorTests.release.xcconfig"; path = "Target Support Files/Pods-TDDCalculatorTests/Pods-TDDCalculatorTests.release.xcconfig"; sourceTree = "<group>"; };
		E8C5370F6F16CA48365AE646 /* Pods_TDDCalculatorTests.framework */ = {isa = PBXFileReference; explicitFileType = wrapper.framework; includeInIndex = 0; path = Pods_TDDCalculatorTests.framework; sourceTree = BUILT_PRODUCTS_DIR; };
		F856734BBE55EB8270B0BAC9 /* Pods-TDDCalculatorTests.debug.xcconfig */ = {isa = PBXFileReference; includeInIndex = 1; lastKnownFileType = text.xcconfig; name = "Pods-TDDCalculatorTests.debug.xcconfig"; path = "Target Support Files/Pods-TDDCalculatorTests/Pods-TDDCalculatorTests.debug.xcconfig"; sourceTree = "<group>"; };
/* End PBXFileReference section */

/* Begin PBXFrameworksBuildPhase section */
		2FD75A0323FB450E00F4AB38 /* Frameworks */ = {
			isa = PBXFrameworksBuildPhase;
			buildActionMask = 2147483647;
			files = (
				2FD2156523FC0C8900BC2A2D /* TDDCalculate.framework in Frameworks */,
				DA6F126BBE73533CC64E623A /* Pods_TDDCalculator.framework in Frameworks */,
			);
			runOnlyForDeploymentPostprocessing = 0;
		};
		2FD75A1923FB450F00F4AB38 /* Frameworks */ = {
			isa = PBXFrameworksBuildPhase;
			buildActionMask = 2147483647;
			files = (
				9F2C521D3C12D5E032FB6631 /* Pods_TDDCalculatorTests.framework in Frameworks */,
			);
			runOnlyForDeploymentPostprocessing = 0;
		};
/* End PBXFrameworksBuildPhase section */

/* Begin PBXGroup section */
		152FCE17292CF73FD0CED441 /* Pods */ = {
			isa = PBXGroup;
			children = (
				9A832365661183F4BE3A12A6 /* Pods-TDDCalculator.debug.xcconfig */,
				65D51DA2CC1D8632A6B7B43F /* Pods-TDDCalculator.release.xcconfig */,
				F856734BBE55EB8270B0BAC9 /* Pods-TDDCalculatorTests.debug.xcconfig */,
				BCB6FDE8586BF9D46B81105F /* Pods-TDDCalculatorTests.release.xcconfig */,
			);
			path = Pods;
			sourceTree = "<group>";
		};
		2FD2156323FC0C8900BC2A2D /* Frameworks */ = {
			isa = PBXGroup;
			children = (
				2FD2156423FC0C8900BC2A2D /* TDDCalculate.framework */,
				69429A2D630C745EFD7D4C33 /* Pods_TDDCalculator.framework */,
				E8C5370F6F16CA48365AE646 /* Pods_TDDCalculatorTests.framework */,
			);
			name = Frameworks;
			sourceTree = "<group>";
		};
		2FD2156A23FC135200BC2A2D /* Scene */ = {
			isa = PBXGroup;
			children = (
				2FD75A0D23FB450E00F4AB38 /* CalculateViewController.swift */,
				2FAF9AFF23FE9CB90071050B /* CalculateViewModel.swift */,
			);
			path = Scene;
			sourceTree = "<group>";
		};
		2FD759FD23FB450E00F4AB38 = {
			isa = PBXGroup;
			children = (
				2FD75A0823FB450E00F4AB38 /* TDDCalculator */,
				2FD75A1F23FB450F00F4AB38 /* TDDCalculatorTests */,
				2FD75A0723FB450E00F4AB38 /* Products */,
				2FD2156323FC0C8900BC2A2D /* Frameworks */,
				152FCE17292CF73FD0CED441 /* Pods */,
			);
			sourceTree = "<group>";
		};
		2FD75A0723FB450E00F4AB38 /* Products */ = {
			isa = PBXGroup;
			children = (
				2FD75A0623FB450E00F4AB38 /* TDDCalculator.app */,
				2FD75A1C23FB450F00F4AB38 /* TDDCalculatorTests.xctest */,
			);
			name = Products;
			sourceTree = "<group>";
		};
		2FD75A0823FB450E00F4AB38 /* TDDCalculator */ = {
			isa = PBXGroup;
			children = (
				2FD2156A23FC135200BC2A2D /* Scene */,
				2FD75A0923FB450E00F4AB38 /* AppDelegate.swift */,
				2FD75A0B23FB450E00F4AB38 /* SceneDelegate.swift */,
				2FD75A0F23FB450E00F4AB38 /* Main.storyboard */,
				2FD75A1223FB450F00F4AB38 /* Assets.xcassets */,
				2FD75A1423FB450F00F4AB38 /* LaunchScreen.storyboard */,
				2FD75A1723FB450F00F4AB38 /* Info.plist */,
				2FD2156823FC0D6500BC2A2D /* SignOperator+.swift */,
			);
			path = TDDCalculator;
			sourceTree = "<group>";
		};
		2FD75A1F23FB450F00F4AB38 /* TDDCalculatorTests */ = {
			isa = PBXGroup;
			children = (
				2FD75A2023FB450F00F4AB38 /* TDDCalculatorTests.swift */,
				2FD75A2223FB450F00F4AB38 /* Info.plist */,
			);
			path = TDDCalculatorTests;
			sourceTree = "<group>";
		};
/* End PBXGroup section */

/* Begin PBXNativeTarget section */
		2FD75A0523FB450E00F4AB38 /* TDDCalculator */ = {
			isa = PBXNativeTarget;
			buildConfigurationList = 2FD75A2523FB450F00F4AB38 /* Build configuration list for PBXNativeTarget "TDDCalculator" */;
			buildPhases = (
				E7A41123F305A961ADC35C22 /* [CP] Check Pods Manifest.lock */,
				2FD75A0223FB450E00F4AB38 /* Sources */,
				2FD75A0323FB450E00F4AB38 /* Frameworks */,
				2FD75A0423FB450E00F4AB38 /* Resources */,
				2FD2156723FC0C8900BC2A2D /* Embed Frameworks */,
				9957138D522F724B1F638B2E /* [CP] Embed Pods Frameworks */,
			);
			buildRules = (
			);
			dependencies = (
			);
			name = TDDCalculator;
			productName = TDDCalculator;
			productReference = 2FD75A0623FB450E00F4AB38 /* TDDCalculator.app */;
			productType = "com.apple.product-type.application";
		};
		2FD75A1B23FB450F00F4AB38 /* TDDCalculatorTests */ = {
			isa = PBXNativeTarget;
			buildConfigurationList = 2FD75A2823FB450F00F4AB38 /* Build configuration list for PBXNativeTarget "TDDCalculatorTests" */;
			buildPhases = (
				B1D0DD434586A9D27C5E307B /* [CP] Check Pods Manifest.lock */,
				2FD75A1823FB450F00F4AB38 /* Sources */,
				2FD75A1923FB450F00F4AB38 /* Frameworks */,
				2FD75A1A23FB450F00F4AB38 /* Resources */,
			);
			buildRules = (
			);
			dependencies = (
				2FD75A1E23FB450F00F4AB38 /* PBXTargetDependency */,
			);
			name = TDDCalculatorTests;
			productName = TDDCalculatorTests;
			productReference = 2FD75A1C23FB450F00F4AB38 /* TDDCalculatorTests.xctest */;
			productType = "com.apple.product-type.bundle.unit-test";
		};
/* End PBXNativeTarget section */

/* Begin PBXProject section */
		2FD759FE23FB450E00F4AB38 /* Project object */ = {
			isa = PBXProject;
			attributes = {
				LastSwiftUpdateCheck = 1130;
				LastUpgradeCheck = 1130;
				ORGANIZATIONNAME = Assin;
				TargetAttributes = {
					2FD75A0523FB450E00F4AB38 = {
						CreatedOnToolsVersion = 11.3;
					};
					2FD75A1B23FB450F00F4AB38 = {
						CreatedOnToolsVersion = 11.3;
						TestTargetID = 2FD75A0523FB450E00F4AB38;
					};
				};
			};
			buildConfigurationList = 2FD75A0123FB450E00F4AB38 /* Build configuration list for PBXProject "TDDCalculator" */;
			compatibilityVersion = "Xcode 9.3";
			developmentRegion = en;
			hasScannedForEncodings = 0;
			knownRegions = (
				en,
				Base,
			);
			mainGroup = 2FD759FD23FB450E00F4AB38;
			productRefGroup = 2FD75A0723FB450E00F4AB38 /* Products */;
			projectDirPath = "";
			projectRoot = "";
			targets = (
				2FD75A0523FB450E00F4AB38 /* TDDCalculator */,
				2FD75A1B23FB450F00F4AB38 /* TDDCalculatorTests */,
			);
		};
/* End PBXProject section */

/* Begin PBXResourcesBuildPhase section */
		2FD75A0423FB450E00F4AB38 /* Resources */ = {
			isa = PBXResourcesBuildPhase;
			buildActionMask = 2147483647;
			files = (
				2FD75A1623FB450F00F4AB38 /* LaunchScreen.storyboard in Resources */,
				2FD75A1323FB450F00F4AB38 /* Assets.xcassets in Resources */,
				2FD75A1123FB450E00F4AB38 /* Main.storyboard in Resources */,
			);
			runOnlyForDeploymentPostprocessing = 0;
		};
		2FD75A1A23FB450F00F4AB38 /* Resources */ = {
			isa = PBXResourcesBuildPhase;
			buildActionMask = 2147483647;
			files = (
			);
			runOnlyForDeploymentPostprocessing = 0;
		};
/* End PBXResourcesBuildPhase section */

/* Begin PBXShellScriptBuildPhase section */
		9957138D522F724B1F638B2E /* [CP] Embed Pods Frameworks */ = {
			isa = PBXShellScriptBuildPhase;
			buildActionMask = 2147483647;
			files = (
			);
			inputFileListPaths = (
				"${PODS_ROOT}/Target Support Files/Pods-TDDCalculator/Pods-TDDCalculator-frameworks-${CONFIGURATION}-input-files.xcfilelist",
			);
			name = "[CP] Embed Pods Frameworks";
			outputFileListPaths = (
				"${PODS_ROOT}/Target Support Files/Pods-TDDCalculator/Pods-TDDCalculator-frameworks-${CONFIGURATION}-output-files.xcfilelist",
			);
			runOnlyForDeploymentPostprocessing = 0;
			shellPath = /bin/sh;
			shellScript = "\"${PODS_ROOT}/Target Support Files/Pods-TDDCalculator/Pods-TDDCalculator-frameworks.sh\"\n";
			showEnvVarsInLog = 0;
		};
		B1D0DD434586A9D27C5E307B /* [CP] Check Pods Manifest.lock */ = {
			isa = PBXShellScriptBuildPhase;
			buildActionMask = 2147483647;
			files = (
			);
			inputFileListPaths = (
			);
			inputPaths = (
				"${PODS_PODFILE_DIR_PATH}/Podfile.lock",
				"${PODS_ROOT}/Manifest.lock",
			);
			name = "[CP] Check Pods Manifest.lock";
			outputFileListPaths = (
			);
			outputPaths = (
				"$(DERIVED_FILE_DIR)/Pods-TDDCalculatorTests-checkManifestLockResult.txt",
			);
			runOnlyForDeploymentPostprocessing = 0;
			shellPath = /bin/sh;
			shellScript = "diff \"${PODS_PODFILE_DIR_PATH}/Podfile.lock\" \"${PODS_ROOT}/Manifest.lock\" > /dev/null\nif [ $? != 0 ] ; then\n    # print error to STDERR\n    echo \"error: The sandbox is not in sync with the Podfile.lock. Run 'pod install' or update your CocoaPods installation.\" >&2\n    exit 1\nfi\n# This output is used by Xcode 'outputs' to avoid re-running this script phase.\necho \"SUCCESS\" > \"${SCRIPT_OUTPUT_FILE_0}\"\n";
			showEnvVarsInLog = 0;
		};
		E7A41123F305A961ADC35C22 /* [CP] Check Pods Manifest.lock */ = {
			isa = PBXShellScriptBuildPhase;
			buildActionMask = 2147483647;
			files = (
			);
			inputFileListPaths = (
			);
			inputPaths = (
				"${PODS_PODFILE_DIR_PATH}/Podfile.lock",
				"${PODS_ROOT}/Manifest.lock",
			);
			name = "[CP] Check Pods Manifest.lock";
			outputFileListPaths = (
			);
			outputPaths = (
				"$(DERIVED_FILE_DIR)/Pods-TDDCalculator-checkManifestLockResult.txt",
			);
			runOnlyForDeploymentPostprocessing = 0;
			shellPath = /bin/sh;
			shellScript = "diff \"${PODS_PODFILE_DIR_PATH}/Podfile.lock\" \"${PODS_ROOT}/Manifest.lock\" > /dev/null\nif [ $? != 0 ] ; then\n    # print error to STDERR\n    echo \"error: The sandbox is not in sync with the Podfile.lock. Run 'pod install' or update your CocoaPods installation.\" >&2\n    exit 1\nfi\n# This output is used by Xcode 'outputs' to avoid re-running this script phase.\necho \"SUCCESS\" > \"${SCRIPT_OUTPUT_FILE_0}\"\n";
			showEnvVarsInLog = 0;
		};
/* End PBXShellScriptBuildPhase section */

/* Begin PBXSourcesBuildPhase section */
		2FD75A0223FB450E00F4AB38 /* Sources */ = {
			isa = PBXSourcesBuildPhase;
			buildActionMask = 2147483647;
			files = (
				2FD75A0E23FB450E00F4AB38 /* CalculateViewController.swift in Sources */,
				2FD75A0A23FB450E00F4AB38 /* AppDelegate.swift in Sources */,
				2FAF9B0023FE9CB90071050B /* CalculateViewModel.swift in Sources */,
				2FD2156923FC0D6500BC2A2D /* SignOperator+.swift in Sources */,
				2FD75A0C23FB450E00F4AB38 /* SceneDelegate.swift in Sources */,
			);
			runOnlyForDeploymentPostprocessing = 0;
		};
		2FD75A1823FB450F00F4AB38 /* Sources */ = {
			isa = PBXSourcesBuildPhase;
			buildActionMask = 2147483647;
			files = (
				2FD75A2123FB450F00F4AB38 /* TDDCalculatorTests.swift in Sources */,
			);
			runOnlyForDeploymentPostprocessing = 0;
		};
/* End PBXSourcesBuildPhase section */

/* Begin PBXTargetDependency section */
		2FD75A1E23FB450F00F4AB38 /* PBXTargetDependency */ = {
			isa = PBXTargetDependency;
			target = 2FD75A0523FB450E00F4AB38 /* TDDCalculator */;
			targetProxy = 2FD75A1D23FB450F00F4AB38 /* PBXContainerItemProxy */;
		};
/* End PBXTargetDependency section */

/* Begin PBXVariantGroup section */
		2FD75A0F23FB450E00F4AB38 /* Main.storyboard */ = {
			isa = PBXVariantGroup;
			children = (
				2FD75A1023FB450E00F4AB38 /* Base */,
			);
			name = Main.storyboard;
			sourceTree = "<group>";
		};
		2FD75A1423FB450F00F4AB38 /* LaunchScreen.storyboard */ = {
			isa = PBXVariantGroup;
			children = (
				2FD75A1523FB450F00F4AB38 /* Base */,
			);
			name = LaunchScreen.storyboard;
			sourceTree = "<group>";
		};
/* End PBXVariantGroup section */

/* Begin XCBuildConfiguration section */
		2FD75A2323FB450F00F4AB38 /* Debug */ = {
			isa = XCBuildConfiguration;
			buildSettings = {
				ALWAYS_SEARCH_USER_PATHS = NO;
				CLANG_ANALYZER_NONNULL = YES;
				CLANG_ANALYZER_NUMBER_OBJECT_CONVERSION = YES_AGGRESSIVE;
				CLANG_CXX_LANGUAGE_STANDARD = "gnu++14";
				CLANG_CXX_LIBRARY = "libc++";
				CLANG_ENABLE_MODULES = YES;
				CLANG_ENABLE_OBJC_ARC = YES;
				CLANG_ENABLE_OBJC_WEAK = YES;
				CLANG_WARN_BLOCK_CAPTURE_AUTORELEASING = YES;
				CLANG_WARN_BOOL_CONVERSION = YES;
				CLANG_WARN_COMMA = YES;
				CLANG_WARN_CONSTANT_CONVERSION = YES;
				CLANG_WARN_DEPRECATED_OBJC_IMPLEMENTATIONS = YES;
				CLANG_WARN_DIRECT_OBJC_ISA_USAGE = YES_ERROR;
				CLANG_WARN_DOCUMENTATION_COMMENTS = YES;
				CLANG_WARN_EMPTY_BODY = YES;
				CLANG_WARN_ENUM_CONVERSION = YES;
				CLANG_WARN_INFINITE_RECURSION = YES;
				CLANG_WARN_INT_CONVERSION = YES;
				CLANG_WARN_NON_LITERAL_NULL_CONVERSION = YES;
				CLANG_WARN_OBJC_IMPLICIT_RETAIN_SELF = YES;
				CLANG_WARN_OBJC_LITERAL_CONVERSION = YES;
				CLANG_WARN_OBJC_ROOT_CLASS = YES_ERROR;
				CLANG_WARN_RANGE_LOOP_ANALYSIS = YES;
				CLANG_WARN_STRICT_PROTOTYPES = YES;
				CLANG_WARN_SUSPICIOUS_MOVE = YES;
				CLANG_WARN_UNGUARDED_AVAILABILITY = YES_AGGRESSIVE;
				CLANG_WARN_UNREACHABLE_CODE = YES;
				CLANG_WARN__DUPLICATE_METHOD_MATCH = YES;
				COPY_PHASE_STRIP = NO;
				DEBUG_INFORMATION_FORMAT = dwarf;
				ENABLE_STRICT_OBJC_MSGSEND = YES;
				ENABLE_TESTABILITY = YES;
				GCC_C_LANGUAGE_STANDARD = gnu11;
				GCC_DYNAMIC_NO_PIC = NO;
				GCC_NO_COMMON_BLOCKS = YES;
				GCC_OPTIMIZATION_LEVEL = 0;
				GCC_PREPROCESSOR_DEFINITIONS = (
					"DEBUG=1",
					"$(inherited)",
				);
				GCC_WARN_64_TO_32_BIT_CONVERSION = YES;
				GCC_WARN_ABOUT_RETURN_TYPE = YES_ERROR;
				GCC_WARN_UNDECLARED_SELECTOR = YES;
				GCC_WARN_UNINITIALIZED_AUTOS = YES_AGGRESSIVE;
				GCC_WARN_UNUSED_FUNCTION = YES;
				GCC_WARN_UNUSED_VARIABLE = YES;
				IPHONEOS_DEPLOYMENT_TARGET = 13.2;
				MTL_ENABLE_DEBUG_INFO = INCLUDE_SOURCE;
				MTL_FAST_MATH = YES;
				ONLY_ACTIVE_ARCH = YES;
				SDKROOT = iphoneos;
				SWIFT_ACTIVE_COMPILATION_CONDITIONS = DEBUG;
				SWIFT_OPTIMIZATION_LEVEL = "-Onone";
			};
			name = Debug;
		};
		2FD75A2423FB450F00F4AB38 /* Release */ = {
			isa = XCBuildConfiguration;
			buildSettings = {
				ALWAYS_SEARCH_USER_PATHS = NO;
				CLANG_ANALYZER_NONNULL = YES;
				CLANG_ANALYZER_NUMBER_OBJECT_CONVERSION = YES_AGGRESSIVE;
				CLANG_CXX_LANGUAGE_STANDARD = "gnu++14";
				CLANG_CXX_LIBRARY = "libc++";
				CLANG_ENABLE_MODULES = YES;
				CLANG_ENABLE_OBJC_ARC = YES;
				CLANG_ENABLE_OBJC_WEAK = YES;
				CLANG_WARN_BLOCK_CAPTURE_AUTORELEASING = YES;
				CLANG_WARN_BOOL_CONVERSION = YES;
				CLANG_WARN_COMMA = YES;
				CLANG_WARN_CONSTANT_CONVERSION = YES;
				CLANG_WARN_DEPRECATED_OBJC_IMPLEMENTATIONS = YES;
				CLANG_WARN_DIRECT_OBJC_ISA_USAGE = YES_ERROR;
				CLANG_WARN_DOCUMENTATION_COMMENTS = YES;
				CLANG_WARN_EMPTY_BODY = YES;
				CLANG_WARN_ENUM_CONVERSION = YES;
				CLANG_WARN_INFINITE_RECURSION = YES;
				CLANG_WARN_INT_CONVERSION = YES;
				CLANG_WARN_NON_LITERAL_NULL_CONVERSION = YES;
				CLANG_WARN_OBJC_IMPLICIT_RETAIN_SELF = YES;
				CLANG_WARN_OBJC_LITERAL_CONVERSION = YES;
				CLANG_WARN_OBJC_ROOT_CLASS = YES_ERROR;
				CLANG_WARN_RANGE_LOOP_ANALYSIS = YES;
				CLANG_WARN_STRICT_PROTOTYPES = YES;
				CLANG_WARN_SUSPICIOUS_MOVE = YES;
				CLANG_WARN_UNGUARDED_AVAILABILITY = YES_AGGRESSIVE;
				CLANG_WARN_UNREACHABLE_CODE = YES;
				CLANG_WARN__DUPLICATE_METHOD_MATCH = YES;
				COPY_PHASE_STRIP = NO;
				DEBUG_INFORMATION_FORMAT = "dwarf-with-dsym";
				ENABLE_NS_ASSERTIONS = NO;
				ENABLE_STRICT_OBJC_MSGSEND = YES;
				GCC_C_LANGUAGE_STANDARD = gnu11;
				GCC_NO_COMMON_BLOCKS = YES;
				GCC_WARN_64_TO_32_BIT_CONVERSION = YES;
				GCC_WARN_ABOUT_RETURN_TYPE = YES_ERROR;
				GCC_WARN_UNDECLARED_SELECTOR = YES;
				GCC_WARN_UNINITIALIZED_AUTOS = YES_AGGRESSIVE;
				GCC_WARN_UNUSED_FUNCTION = YES;
				GCC_WARN_UNUSED_VARIABLE = YES;
				IPHONEOS_DEPLOYMENT_TARGET = 13.2;
				MTL_ENABLE_DEBUG_INFO = NO;
				MTL_FAST_MATH = YES;
				SDKROOT = iphoneos;
				SWIFT_COMPILATION_MODE = wholemodule;
				SWIFT_OPTIMIZATION_LEVEL = "-O";
				VALIDATE_PRODUCT = YES;
			};
			name = Release;
		};
		2FD75A2623FB450F00F4AB38 /* Debug */ = {
			isa = XCBuildConfiguration;
			baseConfigurationReference = 9A832365661183F4BE3A12A6 /* Pods-TDDCalculator.debug.xcconfig */;
			buildSettings = {
				ASSETCATALOG_COMPILER_APPICON_NAME = AppIcon;
				CODE_SIGN_STYLE = Automatic;
				DEVELOPMENT_TEAM = 576T8HK6X4;
				INFOPLIST_FILE = TDDCalculator/Info.plist;
				LD_RUNPATH_SEARCH_PATHS = (
					"$(inherited)",
					"@executable_path/Frameworks",
				);
				PRODUCT_BUNDLE_IDENTIFIER = com.ios.tdd.TDDCalculator;
				PRODUCT_NAME = "$(TARGET_NAME)";
				SWIFT_VERSION = 5.0;
				TARGETED_DEVICE_FAMILY = "1,2";
			};
			name = Debug;
		};
		2FD75A2723FB450F00F4AB38 /* Release */ = {
			isa = XCBuildConfiguration;
			baseConfigurationReference = 65D51DA2CC1D8632A6B7B43F /* Pods-TDDCalculator.release.xcconfig */;
			buildSettings = {
				ASSETCATALOG_COMPILER_APPICON_NAME = AppIcon;
				CODE_SIGN_STYLE = Automatic;
				DEVELOPMENT_TEAM = 576T8HK6X4;
				INFOPLIST_FILE = TDDCalculator/Info.plist;
				LD_RUNPATH_SEARCH_PATHS = (
					"$(inherited)",
					"@executable_path/Frameworks",
				);
				PRODUCT_BUNDLE_IDENTIFIER = com.ios.tdd.TDDCalculator;
				PRODUCT_NAME = "$(TARGET_NAME)";
				SWIFT_VERSION = 5.0;
				TARGETED_DEVICE_FAMILY = "1,2";
			};
			name = Release;
		};
		2FD75A2923FB450F00F4AB38 /* Debug */ = {
			isa = XCBuildConfiguration;
			baseConfigurationReference = F856734BBE55EB8270B0BAC9 /* Pods-TDDCalculatorTests.debug.xcconfig */;
			buildSettings = {
				ALWAYS_EMBED_SWIFT_STANDARD_LIBRARIES = YES;
				BUNDLE_LOADER = "$(TEST_HOST)";
				CODE_SIGN_STYLE = Automatic;
				DEVELOPMENT_TEAM = 576T8HK6X4;
				INFOPLIST_FILE = TDDCalculatorTests/Info.plist;
				IPHONEOS_DEPLOYMENT_TARGET = 13.2;
				LD_RUNPATH_SEARCH_PATHS = (
					"$(inherited)",
					"@executable_path/Frameworks",
					"@loader_path/Frameworks",
				);
				PRODUCT_BUNDLE_IDENTIFIER = com.ios.tdd.TDDCalculatorTests;
				PRODUCT_NAME = "$(TARGET_NAME)";
				SWIFT_VERSION = 5.0;
				TARGETED_DEVICE_FAMILY = "1,2";
				TEST_HOST = "$(BUILT_PRODUCTS_DIR)/TDDCalculator.app/TDDCalculator";
			};
			name = Debug;
		};
		2FD75A2A23FB450F00F4AB38 /* Release */ = {
			isa = XCBuildConfiguration;
			baseConfigurationReference = BCB6FDE8586BF9D46B81105F /* Pods-TDDCalculatorTests.release.xcconfig */;
			buildSettings = {
				ALWAYS_EMBED_SWIFT_STANDARD_LIBRARIES = YES;
				BUNDLE_LOADER = "$(TEST_HOST)";
				CODE_SIGN_STYLE = Automatic;
				DEVELOPMENT_TEAM = 576T8HK6X4;
				INFOPLIST_FILE = TDDCalculatorTests/Info.plist;
				IPHONEOS_DEPLOYMENT_TARGET = 13.2;
				LD_RUNPATH_SEARCH_PATHS = (
					"$(inherited)",
					"@executable_path/Frameworks",
					"@loader_path/Frameworks",
				);
				PRODUCT_BUNDLE_IDENTIFIER = com.ios.tdd.TDDCalculatorTests;
				PRODUCT_NAME = "$(TARGET_NAME)";
				SWIFT_VERSION = 5.0;
				TARGETED_DEVICE_FAMILY = "1,2";
				TEST_HOST = "$(BUILT_PRODUCTS_DIR)/TDDCalculator.app/TDDCalculator";
			};
			name = Release;
		};
/* End XCBuildConfiguration section */

/* Begin XCConfigurationList section */
		2FD75A0123FB450E00F4AB38 /* Build configuration list for PBXProject "TDDCalculator" */ = {
			isa = XCConfigurationList;
			buildConfigurations = (
				2FD75A2323FB450F00F4AB38 /* Debug */,
				2FD75A2423FB450F00F4AB38 /* Release */,
			);
			defaultConfigurationIsVisible = 0;
			defaultConfigurationName = Release;
		};
		2FD75A2523FB450F00F4AB38 /* Build configuration list for PBXNativeTarget "TDDCalculator" */ = {
			isa = XCConfigurationList;
			buildConfigurations = (
				2FD75A2623FB450F00F4AB38 /* Debug */,
				2FD75A2723FB450F00F4AB38 /* Release */,
			);
			defaultConfigurationIsVisible = 0;
			defaultConfigurationName = Release;
		};
		2FD75A2823FB450F00F4AB38 /* Build configuration list for PBXNativeTarget "TDDCalculatorTests" */ = {
			isa = XCConfigurationList;
			buildConfigurations = (
				2FD75A2923FB450F00F4AB38 /* Debug */,
				2FD75A2A23FB450F00F4AB38 /* Release */,
			);
			defaultConfigurationIsVisible = 0;
			defaultConfigurationName = Release;
		};
/* End XCConfigurationList section */
	};
	rootObject = 2FD759FE23FB450E00F4AB38 /* Project object */;
}
